#MicroXplorer Configuration settings - do not modify
ADC2.Channel-1\#ChannelRegularConversion=ADC_CHANNEL_15
ADC2.Channel-2\#ChannelRegularConversion=ADC_CHANNEL_5
ADC2.Channel-3\#ChannelRegularConversion=ADC_CHANNEL_5
ADC2.ContinuousConvMode=ENABLE
ADC2.ConversionDataManagement=ADC_CONVERSIONDATA_DR
ADC2.IPParameters=Rank-1\#ChannelRegularConversion,Channel-1\#ChannelRegularConversion,SamplingTime-1\#ChannelRegularConversion,OffsetNumber-1\#ChannelRegularConversion,NbrOfConversionFlag,ConversionDataManagement,ContinuousConvMode,Rank-2\#ChannelRegularConversion,Channel-2\#ChannelRegularConversion,SamplingTime-2\#ChannelRegularConversion,OffsetNumber-2\#ChannelRegularConversion,Rank-3\#ChannelRegularConversion,Channel-3\#ChannelRegularConversion,SamplingTime-3\#ChannelRegularConversion,OffsetNumber-3\#ChannelRegularConversion,NbrOfConversion
ADC2.NbrOfConversion=3
ADC2.NbrOfConversionFlag=1
ADC2.OffsetNumber-1\#ChannelRegularConversion=ADC_OFFSET_NONE
ADC2.OffsetNumber-2\#ChannelRegularConversion=ADC_OFFSET_NONE
ADC2.OffsetNumber-3\#ChannelRegularConversion=ADC_OFFSET_NONE
ADC2.Rank-1\#ChannelRegularConversion=1
ADC2.Rank-2\#ChannelRegularConversion=2
ADC2.Rank-3\#ChannelRegularConversion=3
ADC2.SamplingTime-1\#ChannelRegularConversion=ADC_SAMPLETIME_64CYCLES_5
ADC2.SamplingTime-2\#ChannelRegularConversion=ADC_SAMPLETIME_64CYCLES_5
ADC2.SamplingTime-3\#ChannelRegularConversion=ADC_SAMPLETIME_64CYCLES_5
ADC3.Channel-0\#ChannelRegularConversion=ADC_CHANNEL_0
ADC3.Channel-1\#ChannelRegularConversion=ADC_CHANNEL_1
ADC3.Channel-2\#ChannelRegularConversion=ADC_CHANNEL_6
ADC3.ContinuousConvMode=ENABLE
ADC3.ConversionDataManagement=ADC_CONVERSIONDATA_DR
ADC3.EOCSelection=ADC_EOC_SINGLE_CONV
ADC3.IPParameters=Rank-0\#ChannelRegularConversion,Channel-0\#ChannelRegularConversion,SamplingTime-0\#ChannelRegularConversion,OffsetNumber-0\#ChannelRegularConversion,NbrOfConversionFlag,ConversionDataManagement,Rank-1\#ChannelRegularConversion,Channel-1\#ChannelRegularConversion,SamplingTime-1\#ChannelRegularConversion,OffsetNumber-1\#ChannelRegularConversion,Rank-2\#ChannelRegularConversion,Channel-2\#ChannelRegularConversion,SamplingTime-2\#ChannelRegularConversion,OffsetNumber-2\#ChannelRegularConversion,NbrOfConversion,ContinuousConvMode,EOCSelection
ADC3.NbrOfConversion=3
ADC3.NbrOfConversionFlag=1
ADC3.OffsetNumber-0\#ChannelRegularConversion=ADC_OFFSET_NONE
ADC3.OffsetNumber-1\#ChannelRegularConversion=ADC_OFFSET_NONE
ADC3.OffsetNumber-2\#ChannelRegularConversion=ADC_OFFSET_NONE
ADC3.Rank-0\#ChannelRegularConversion=1
ADC3.Rank-1\#ChannelRegularConversion=2
ADC3.Rank-2\#ChannelRegularConversion=3
ADC3.SamplingTime-0\#ChannelRegularConversion=ADC_SAMPLETIME_64CYCLES_5
ADC3.SamplingTime-1\#ChannelRegularConversion=ADC_SAMPLETIME_64CYCLES_5
ADC3.SamplingTime-2\#ChannelRegularConversion=ADC_SAMPLETIME_64CYCLES_5
CORTEX_M7.CPU_DCache=Enabled
CORTEX_M7.CPU_ICache=Enabled
CORTEX_M7.IPParameters=CPU_ICache,CPU_DCache,MPU_Control
CORTEX_M7.MPU_Control=MPU_PRIVILEGED_DEFAULT
DMA2D.ColorMode=DMA2D_OUTPUT_ARGB1555
DMA2D.IPParameters=ColorMode
Dma.Request0=SPI1_TX
Dma.Request1=SPI3_TX
Dma.RequestsNb=2
Dma.SPI1_TX.0.Direction=DMA_MEMORY_TO_PERIPH
Dma.SPI1_TX.0.EventEnable=DISABLE
Dma.SPI1_TX.0.FIFOMode=DMA_FIFOMODE_DISABLE
Dma.SPI1_TX.0.Instance=DMA1_Stream4
Dma.SPI1_TX.0.MemDataAlignment=DMA_MDATAALIGN_BYTE
Dma.SPI1_TX.0.MemInc=DMA_MINC_ENABLE
Dma.SPI1_TX.0.Mode=DMA_NORMAL
Dma.SPI1_TX.0.PeriphDataAlignment=DMA_PDATAALIGN_BYTE
Dma.SPI1_TX.0.PeriphInc=DMA_PINC_DISABLE
Dma.SPI1_TX.0.Polarity=HAL_DMAMUX_REQ_GEN_RISING
Dma.SPI1_TX.0.Priority=DMA_PRIORITY_LOW
Dma.SPI1_TX.0.RequestNumber=1
Dma.SPI1_TX.0.RequestParameters=Instance,Direction,PeriphInc,MemInc,PeriphDataAlignment,MemDataAlignment,Mode,Priority,FIFOMode,SignalID,Polarity,RequestNumber,SyncSignalID,SyncPolarity,SyncEnable,EventEnable,SyncRequestNumber
Dma.SPI1_TX.0.SignalID=NONE
Dma.SPI1_TX.0.SyncEnable=DISABLE
Dma.SPI1_TX.0.SyncPolarity=HAL_DMAMUX_SYNC_NO_EVENT
Dma.SPI1_TX.0.SyncRequestNumber=1
Dma.SPI1_TX.0.SyncSignalID=NONE
Dma.SPI3_TX.1.Direction=DMA_MEMORY_TO_PERIPH
Dma.SPI3_TX.1.EventEnable=DISABLE
Dma.SPI3_TX.1.FIFOMode=DMA_FIFOMODE_DISABLE
Dma.SPI3_TX.1.Instance=DMA1_Stream0
Dma.SPI3_TX.1.MemDataAlignment=DMA_MDATAALIGN_BYTE
Dma.SPI3_TX.1.MemInc=DMA_MINC_ENABLE
Dma.SPI3_TX.1.Mode=DMA_NORMAL
Dma.SPI3_TX.1.PeriphDataAlignment=DMA_PDATAALIGN_BYTE
Dma.SPI3_TX.1.PeriphInc=DMA_PINC_DISABLE
Dma.SPI3_TX.1.Polarity=HAL_DMAMUX_REQ_GEN_RISING
Dma.SPI3_TX.1.Priority=DMA_PRIORITY_LOW
Dma.SPI3_TX.1.RequestNumber=1
Dma.SPI3_TX.1.RequestParameters=Instance,Direction,PeriphInc,MemInc,PeriphDataAlignment,MemDataAlignment,Mode,Priority,FIFOMode,SignalID,Polarity,RequestNumber,SyncSignalID,SyncPolarity,SyncEnable,EventEnable,SyncRequestNumber
Dma.SPI3_TX.1.SignalID=NONE
Dma.SPI3_TX.1.SyncEnable=DISABLE
Dma.SPI3_TX.1.SyncPolarity=HAL_DMAMUX_SYNC_NO_EVENT
Dma.SPI3_TX.1.SyncRequestNumber=1
Dma.SPI3_TX.1.SyncSignalID=NONE
FREERTOS.BinarySemaphores01=lcdDisplaysTaskSem,Dynamic,NULL;pidStepTaskSem,Dynamic,NULL
FREERTOS.FootprintOK=true
FREERTOS.HEAP_NUMBER=4
FREERTOS.INCLUDE_pcTaskGetTaskName=1
FREERTOS.INCLUDE_uxTaskGetStackHighWaterMark2=1
FREERTOS.INCLUDE_xTaskGetCurrentTaskHandle=1
FREERTOS.INCLUDE_xTaskGetHandle=1
FREERTOS.IPParameters=Tasks01,FootprintOK,configTOTAL_HEAP_SIZE,HEAP_NUMBER,configENABLE_FPU,configUSE_APPLICATION_TASK_TAG,configGENERATE_RUN_TIME_STATS,configUSE_STATS_FORMATTING_FUNCTIONS,INCLUDE_pcTaskGetTaskName,INCLUDE_xTaskGetCurrentTaskHandle,INCLUDE_xTaskGetHandle,INCLUDE_uxTaskGetStackHighWaterMark2,configRECORD_STACK_HIGH_ADDRESS,Timers01,configTIMER_TASK_PRIORITY,BinarySemaphores01
FREERTOS.Tasks01=commTask,24,2048,StartCommTask,Default,NULL,Dynamic,NULL,NULL;lcdDisplaysTask,24,4096,StartLCDDisplays,Default,NULL,Dynamic,NULL,NULL;motorOutputTask,24,4096,StartMotorOutput,Default,NULL,Dynamic,NULL,NULL
FREERTOS.Timers01=Timer_LCD,Timer_LCD_cb,osTimerPeriodic,Default,NULL,Dynamic,NULL;Timer_PID,Timer_PID_cb,osTimerPeriodic,Default,NULL,Dynamic,NULL
FREERTOS.configENABLE_FPU=1
FREERTOS.configGENERATE_RUN_TIME_STATS=1
FREERTOS.configRECORD_STACK_HIGH_ADDRESS=1
FREERTOS.configTIMER_TASK_PRIORITY=55
FREERTOS.configTOTAL_HEAP_SIZE=512000
FREERTOS.configUSE_APPLICATION_TASK_TAG=1
FREERTOS.configUSE_STATS_FORMATTING_FUNCTIONS=1
File.Version=6
GPIO.groupedBy=Group By Peripherals
HRTIM.CompareUnit1-MasterTimer=__NULL
HRTIM.IPParameters=Periode_MASTER,CompareUnit1-MasterTimer,PrescalerRatio_MASTER
HRTIM.Periode_MASTER=12000
HRTIM.PrescalerRatio_MASTER=HRTIM_PRESCALERRATIO_DIV1
I2C1.AddressingMode=I2C_ADDRESSINGMODE_7BIT
I2C1.I2C_Speed_Mode=I2C_Standard
I2C1.IPParameters=Timing,I2C_Speed_Mode,AddressingMode
I2C1.Timing=0x307075B1
I2C2.IPParameters=Timing
I2C2.Timing=0x307075B1
I2C4.IPParameters=Timing
I2C4.Timing=0x307075B1
KeepUserPlacement=false
Mcu.Family=STM32H7
Mcu.IP0=ADC2
Mcu.IP1=ADC3
Mcu.IP10=LPTIM2
Mcu.IP11=NVIC
Mcu.IP12=RCC
Mcu.IP13=SPI1
Mcu.IP14=SPI3
Mcu.IP15=SPI4
Mcu.IP16=SPI5
Mcu.IP17=SYS
Mcu.IP18=TIM2
Mcu.IP19=TIM3
Mcu.IP2=CORTEX_M7
Mcu.IP20=TIM4
Mcu.IP21=UART4
Mcu.IP22=USART2
Mcu.IP23=USART3
Mcu.IP24=USB_OTG_FS
Mcu.IP3=DMA
Mcu.IP4=DMA2D
Mcu.IP5=FREERTOS
Mcu.IP6=HRTIM
Mcu.IP7=I2C1
Mcu.IP8=I2C2
Mcu.IP9=I2C4
Mcu.IPNb=25
Mcu.Name=STM32H743ZITx
Mcu.Package=LQFP144
Mcu.Pin0=PE2
Mcu.Pin1=PE3
Mcu.Pin10=PF2
Mcu.Pin11=PF6
Mcu.Pin12=PF7
Mcu.Pin13=PF8
Mcu.Pin14=PF9
Mcu.Pin15=PF10
Mcu.Pin16=PH0-OSC_IN (PH0)
Mcu.Pin17=PH1-OSC_OUT (PH1)
Mcu.Pin18=PC0
Mcu.Pin19=PC2_C
Mcu.Pin2=PE4
Mcu.Pin20=PC3_C
Mcu.Pin21=PA0
Mcu.Pin22=PA3
Mcu.Pin23=PA4
Mcu.Pin24=PA5
Mcu.Pin25=PA6
Mcu.Pin26=PB0
Mcu.Pin27=PB1
Mcu.Pin28=PB2
Mcu.Pin29=PG0
Mcu.Pin3=PE5
Mcu.Pin30=PG1
Mcu.Pin31=PE9
Mcu.Pin32=PB10
Mcu.Pin33=PB11
Mcu.Pin34=PB14
Mcu.Pin35=PD8
Mcu.Pin36=PD10
Mcu.Pin37=PD11
Mcu.Pin38=PD12
Mcu.Pin39=PD13
Mcu.Pin4=PE6
Mcu.Pin40=PG2
Mcu.Pin41=PG3
Mcu.Pin42=PG7
Mcu.Pin43=PC6
Mcu.Pin44=PC7
Mcu.Pin45=PC8
Mcu.Pin46=PC9
Mcu.Pin47=PA8
Mcu.Pin48=PA9
Mcu.Pin49=PA11
Mcu.Pin5=PC13
Mcu.Pin50=PA12
Mcu.Pin51=PA15 (JTDI)
Mcu.Pin52=PC10
Mcu.Pin53=PC11
Mcu.Pin54=PC12
Mcu.Pin55=PD0
Mcu.Pin56=PD1
Mcu.Pin57=PD4
Mcu.Pin58=PD5
Mcu.Pin59=PD6
Mcu.Pin6=PC14-OSC32_IN (OSC32_IN)
Mcu.Pin60=PD7
Mcu.Pin61=PB3 (JTDO/TRACESWO)
Mcu.Pin62=PB5
Mcu.Pin63=PB6
Mcu.Pin64=PB7
Mcu.Pin65=PB8
Mcu.Pin66=PB9
Mcu.Pin67=PE1
Mcu.Pin68=VP_DMA2D_VS_DMA2D
Mcu.Pin69=VP_FREERTOS_VS_CMSIS_V2
Mcu.Pin7=PC15-OSC32_OUT (OSC32_OUT)
Mcu.Pin70=VP_HRTIM_VS_hrtimMasterTimerNoOutput
Mcu.Pin71=VP_SYS_VS_tim1
Mcu.Pin8=PF0
Mcu.Pin9=PF1
Mcu.PinsNb=72
Mcu.ThirdPartyNb=0
Mcu.UserConstants=
Mcu.UserName=STM32H743ZITx
MxCube.Version=6.4.0
MxDb.Version=DB.6.0.40
NVIC.BusFault_IRQn=true\:0\:0\:false\:false\:true\:false\:false\:false
NVIC.DMA1_Stream0_IRQn=true\:5\:0\:false\:false\:true\:true\:false\:true
NVIC.DMA1_Stream4_IRQn=true\:5\:0\:false\:false\:true\:true\:false\:true
NVIC.DebugMonitor_IRQn=true\:0\:0\:false\:false\:true\:false\:false\:false
NVIC.ForceEnableDMAVector=true
NVIC.HRTIM1_Master_IRQn=true\:5\:0\:false\:false\:true\:true\:true\:true
NVIC.HardFault_IRQn=true\:0\:0\:false\:false\:true\:false\:false\:false
NVIC.MemoryManagement_IRQn=true\:0\:0\:false\:false\:true\:false\:false\:false
NVIC.NonMaskableInt_IRQn=true\:0\:0\:false\:false\:true\:false\:false\:false
NVIC.PendSV_IRQn=true\:15\:0\:false\:false\:false\:true\:false\:false
NVIC.PriorityGroup=NVIC_PRIORITYGROUP_4
NVIC.SPI1_IRQn=true\:5\:0\:false\:false\:true\:true\:false\:true
NVIC.SPI3_IRQn=true\:5\:0\:false\:false\:true\:true\:false\:true
NVIC.SVCall_IRQn=true\:0\:0\:false\:false\:false\:false\:false\:false
NVIC.SavedPendsvIrqHandlerGenerated=true
NVIC.SavedSvcallIrqHandlerGenerated=true
NVIC.SavedSystickIrqHandlerGenerated=true
NVIC.SysTick_IRQn=true\:15\:0\:false\:false\:false\:true\:false\:true
NVIC.TIM1_UP_IRQn=true\:0\:0\:false\:false\:true\:false\:false\:true
NVIC.TimeBase=TIM1_UP_IRQn
NVIC.TimeBaseIP=TIM1
NVIC.UsageFault_IRQn=true\:0\:0\:false\:false\:true\:false\:false\:false
PA0.Locked=true
PA0.Signal=S_TIM2_CH1_ETR
PA11.Locked=true
PA11.Mode=Device_Only
PA11.Signal=USB_OTG_FS_DM
PA12.Locked=true
PA12.Mode=Device_Only
PA12.Signal=USB_OTG_FS_DP
PA15\ (JTDI).GPIOParameters=GPIO_Label
PA15\ (JTDI).GPIO_Label=LCD1_NSS
PA15\ (JTDI).Locked=true
PA15\ (JTDI).Mode=NSS_Signal_Hard_Output
PA15\ (JTDI).Signal=SPI1_NSS
PA3.Locked=true
PA3.Signal=ADCx_INP15
PA4.GPIOParameters=GPIO_Label
PA4.GPIO_Label=LCD2_NSS
PA4.Locked=true
PA4.Mode=NSS_Signal_Hard_Output
PA4.Signal=SPI3_NSS
PA5.GPIOParameters=GPIO_Label
PA5.GPIO_Label=LCD1_SCK
PA5.Mode=Full_Duplex_Master
PA5.Signal=SPI1_SCK
PA6.GPIOParameters=GPIO_Label
PA6.GPIO_Label=LCD1_MISO
PA6.Mode=Full_Duplex_Master
PA6.Signal=SPI1_MISO
PA8.Locked=true
PA8.Mode=Activate_SOF_FS
PA8.Signal=USB_OTG_FS_SOF
PA9.Locked=true
PA9.Mode=Activate_VBUS
PA9.Signal=USB_OTG_FS_VBUS
PB0.GPIOParameters=GPIO_Label
PB0.GPIO_Label=USER_LED_G
PB0.Locked=true
PB0.Signal=GPIO_Output
PB1.Locked=true
PB1.Signal=ADCx_INP5
PB10.Locked=true
PB10.Mode=Encoder_mode_occur1
PB10.Signal=LPTIM2_IN1
PB11.Mode=Asynchronous
PB11.Signal=USART3_RX
PB14.GPIOParameters=GPIO_Speed,PinState,GPIO_PuPd,GPIO_Label,GPIO_ModeDefaultOutputPP
PB14.GPIO_Label=USER_LED_R
PB14.GPIO_ModeDefaultOutputPP=GPIO_MODE_OUTPUT_PP
PB14.GPIO_PuPd=GPIO_NOPULL
PB14.GPIO_Speed=GPIO_SPEED_FREQ_LOW
PB14.Locked=true
PB14.PinState=GPIO_PIN_RESET
PB14.Signal=GPIO_Output
PB2.GPIOParameters=GPIO_Speed,PinState,GPIO_PuPd,GPIO_Label,GPIO_ModeDefaultOutputPP
PB2.GPIO_Label=ETH_RSTN
PB2.GPIO_ModeDefaultOutputPP=GPIO_MODE_OUTPUT_PP
PB2.GPIO_PuPd=GPIO_NOPULL
PB2.GPIO_Speed=GPIO_SPEED_FREQ_LOW
PB2.Locked=true
PB2.PinState=GPIO_PIN_RESET
PB2.Signal=GPIO_Output
PB3\ (JTDO/TRACESWO).Locked=true
PB3\ (JTDO/TRACESWO).Signal=S_TIM2_CH2
PB5.GPIOParameters=GPIO_Label
PB5.GPIO_Label=LCD1_MOSI
PB5.Locked=true
PB5.Mode=Full_Duplex_Master
PB5.Signal=SPI1_MOSI
PB6.Locked=true
PB6.Signal=S_TIM4_CH1
PB7.Locked=true
PB7.Signal=S_TIM4_CH2
PB8.GPIOParameters=GPIO_Label
PB8.GPIO_Label=GPIO_EXPANDER_SCL
PB8.Locked=true
PB8.Mode=I2C
PB8.Signal=I2C1_SCL
PB9.GPIOParameters=GPIO_Label
PB9.GPIO_Label=GPIO_EXPANDER_SDA
PB9.Locked=true
PB9.Mode=I2C
PB9.Signal=I2C1_SDA
PC0.Locked=true
PC0.Signal=ADCx_INP10
PC10.GPIOParameters=GPIO_Label
PC10.GPIO_Label=LCD2_SCK
PC10.Mode=Full_Duplex_Master
PC10.Signal=SPI3_SCK
PC11.GPIOParameters=GPIO_Label
PC11.GPIO_Label=LCD2_MISO
PC11.Mode=Full_Duplex_Master
PC11.Signal=SPI3_MISO
PC12.GPIOParameters=GPIO_Label
PC12.GPIO_Label=LCD2_MOSI
PC12.Locked=true
PC12.Mode=Full_Duplex_Master
PC12.Signal=SPI3_MOSI
PC13.GPIOParameters=GPIO_PuPd,GPIO_Mode
PC13.GPIO_Mode=GPIO_MODE_INPUT
PC13.GPIO_PuPd=GPIO_NOPULL
PC13.Locked=true
PC13.Signal=GPIO_Input
PC14-OSC32_IN\ (OSC32_IN).Locked=true
PC14-OSC32_IN\ (OSC32_IN).Mode=LSE-External-Oscillator
PC14-OSC32_IN\ (OSC32_IN).Signal=RCC_OSC32_IN
PC15-OSC32_OUT\ (OSC32_OUT).Locked=true
PC15-OSC32_OUT\ (OSC32_OUT).Mode=LSE-External-Oscillator
PC15-OSC32_OUT\ (OSC32_OUT).Signal=RCC_OSC32_OUT
PC2_C.Locked=true
PC2_C.Mode=IN0-Single-Ended
PC2_C.Signal=ADC3_INP0
PC3_C.Locked=true
PC3_C.Mode=IN1-Single-Ended
PC3_C.Signal=ADC3_INP1
PC6.Locked=true
PC6.Signal=S_TIM3_CH1
PC7.Locked=true
PC7.Signal=S_TIM3_CH2
PC8.GPIOParameters=GPIO_Speed,PinState,GPIO_PuPd,GPIO_Label,GPIO_ModeDefaultOutputPP
PC8.GPIO_Label=LCD1_DCX
PC8.GPIO_ModeDefaultOutputPP=GPIO_MODE_OUTPUT_PP
PC8.GPIO_PuPd=GPIO_NOPULL
PC8.GPIO_Speed=GPIO_SPEED_FREQ_LOW
PC8.Locked=true
PC8.PinState=GPIO_PIN_RESET
PC8.Signal=GPIO_Output
PC9.GPIOParameters=GPIO_Speed,PinState,GPIO_PuPd,GPIO_Label,GPIO_ModeDefaultOutputPP
PC9.GPIO_Label=LCD1_RSVD
PC9.GPIO_ModeDefaultOutputPP=GPIO_MODE_OUTPUT_PP
PC9.GPIO_PuPd=GPIO_NOPULL
PC9.GPIO_Speed=GPIO_SPEED_FREQ_LOW
PC9.Locked=true
PC9.PinState=GPIO_PIN_RESET
PC9.Signal=GPIO_Output
PD0.GPIOParameters=GPIO_Speed,GPIO_PuPd
PD0.GPIO_PuPd=GPIO_NOPULL
PD0.GPIO_Speed=GPIO_SPEED_FREQ_LOW
PD0.Locked=true
PD0.Mode=Asynchronous
PD0.Signal=UART4_RX
PD1.GPIOParameters=GPIO_Speed,GPIO_PuPd
PD1.GPIO_PuPd=GPIO_NOPULL
PD1.GPIO_Speed=GPIO_SPEED_FREQ_VERY_HIGH
PD1.Locked=true
PD1.Mode=Asynchronous
PD1.Signal=UART4_TX
PD10.GPIOParameters=GPIO_Speed,PinState,GPIO_PuPd,GPIO_ModeDefaultOutputPP
PD10.GPIO_ModeDefaultOutputPP=GPIO_MODE_OUTPUT_PP
PD10.GPIO_PuPd=GPIO_NOPULL
PD10.GPIO_Speed=GPIO_SPEED_FREQ_LOW
PD10.Locked=true
PD10.PinState=GPIO_PIN_RESET
PD10.Signal=GPIO_Output
PD11.Locked=true
PD11.Mode=Encoder_mode_occur1
PD11.Signal=LPTIM2_IN2
PD12.Locked=true
PD12.Mode=I2C
PD12.Signal=I2C4_SCL
PD13.Locked=true
PD13.Mode=I2C
PD13.Signal=I2C4_SDA
PD4.GPIOParameters=PinState
PD4.Locked=true
PD4.PinState=GPIO_PIN_SET
PD4.Signal=GPIO_Output
PD5.Locked=true
PD5.Mode=Half_duplex(single_wire_mode)
PD5.Signal=USART2_TX
PD6.Locked=true
PD6.Signal=USART2_RX
PD7.Locked=true
PD7.Signal=USART2_CK
PD8.Mode=Asynchronous
PD8.Signal=USART3_TX
PE1.GPIOParameters=GPIO_Label
PE1.GPIO_Label=USER_LED_Y
PE1.Locked=true
PE1.Signal=GPIO_Output
PE2.GPIOParameters=GPIO_Label
PE2.GPIO_Label=ETH_SCK
PE2.Mode=Full_Duplex_Master
PE2.Signal=SPI4_SCK
PE3.GPIOParameters=GPIO_PuPd,GPIO_Label,GPIO_Mode
PE3.GPIO_Label=PG
PE3.GPIO_Mode=GPIO_MODE_INPUT
PE3.GPIO_PuPd=GPIO_PULLUP
PE3.Locked=true
PE3.Signal=GPIO_Input
PE4.GPIOParameters=GPIO_Speed,PinState,GPIO_PuPd,GPIO_Label,GPIO_ModeDefaultOutputPP
PE4.GPIO_Label=ETH_NSS
PE4.GPIO_ModeDefaultOutputPP=GPIO_MODE_OUTPUT_PP
PE4.GPIO_PuPd=GPIO_PULLUP
PE4.GPIO_Speed=GPIO_SPEED_FREQ_LOW
PE4.Locked=true
PE4.PinState=GPIO_PIN_RESET
PE4.Signal=GPIO_Output
PE5.GPIOParameters=GPIO_Label
PE5.GPIO_Label=ETH_MISO
PE5.Mode=Full_Duplex_Master
PE5.Signal=SPI4_MISO
PE6.GPIOParameters=GPIO_Label
PE6.GPIO_Label=ETH_MOSI
PE6.Mode=Full_Duplex_Master
PE6.Signal=SPI4_MOSI
PE9.GPIOParameters=GPIO_PuPd,GPIO_Label,GPIO_Mode
PE9.GPIO_Label=ETH_INTn
PE9.GPIO_Mode=GPIO_MODE_INPUT
PE9.GPIO_PuPd=GPIO_NOPULL
PE9.Locked=true
PE9.Signal=GPIO_Input
PF0.GPIOParameters=GPIO_Label
PF0.GPIO_Label=PWM_EXPANDER_SDA
PF0.Mode=I2C
PF0.Signal=I2C2_SDA
PF1.GPIOParameters=GPIO_Label
PF1.GPIO_Label=PWM_EXPANDER_SCL
PF1.Mode=I2C
PF1.Signal=I2C2_SCL
PF10.Locked=true
PF10.Mode=IN6-Single-Ended
PF10.Signal=ADC3_INP6
PF2.Locked=true
PF2.Signal=GPIO_Output
PF6.Locked=true
PF6.Mode=NSS_Signal_Hard_Output
PF6.Signal=SPI5_NSS
PF7.GPIOParameters=GPIO_PuPd
PF7.GPIO_PuPd=GPIO_NOPULL
PF7.Locked=true
PF7.Mode=Full_Duplex_Master
PF7.Signal=SPI5_SCK
PF8.GPIOParameters=GPIO_PuPd
PF8.GPIO_PuPd=GPIO_PULLDOWN
PF8.Locked=true
PF8.Mode=Full_Duplex_Master
PF8.Signal=SPI5_MISO
PF9.GPIOParameters=GPIO_PuPd
PF9.GPIO_PuPd=GPIO_PULLDOWN
PF9.Locked=true
PF9.Mode=Full_Duplex_Master
PF9.Signal=SPI5_MOSI
PG0.GPIOParameters=GPIO_PuPd,GPIO_Label
PG0.GPIO_Label=STAT1
PG0.GPIO_PuPd=GPIO_PULLUP
PG0.Locked=true
PG0.Signal=GPIO_Input
PG1.GPIOParameters=GPIO_PuPd,GPIO_Label,GPIO_Mode
PG1.GPIO_Label=STAT2
PG1.GPIO_Mode=GPIO_MODE_INPUT
PG1.GPIO_PuPd=GPIO_PULLUP
PG1.Locked=true
PG1.Signal=GPIO_Input
PG2.GPIOParameters=GPIO_Label
PG2.GPIO_Label=LCD2_DCX
PG2.Locked=true
PG2.Signal=GPIO_Output
PG3.GPIOParameters=GPIO_Speed,PinState,GPIO_PuPd,GPIO_Label,GPIO_ModeDefaultOutputPP
PG3.GPIO_Label=LCD2_RSVD
PG3.GPIO_ModeDefaultOutputPP=GPIO_MODE_OUTPUT_PP
PG3.GPIO_PuPd=GPIO_NOPULL
PG3.GPIO_Speed=GPIO_SPEED_FREQ_LOW
PG3.Locked=true
PG3.PinState=GPIO_PIN_RESET
PG3.Signal=GPIO_Output
PG7.GPIOParameters=GPIO_PuPd,GPIO_ModeDefaultEXTI
PG7.GPIO_ModeDefaultEXTI=GPIO_MODE_IT_RISING
PG7.GPIO_PuPd=GPIO_NOPULL
PG7.Locked=true
PG7.Signal=GPXTI7
PH0-OSC_IN\ (PH0).Locked=true
PH0-OSC_IN\ (PH0).Mode=HSE-External-Oscillator
PH0-OSC_IN\ (PH0).Signal=RCC_OSC_IN
PH1-OSC_OUT\ (PH1).Locked=true
PH1-OSC_OUT\ (PH1).Mode=HSE-External-Oscillator
PH1-OSC_OUT\ (PH1).Signal=RCC_OSC_OUT
PinOutPanel.RotationAngle=0
ProjectManager.AskForMigrate=true
ProjectManager.BackupPrevious=false
ProjectManager.CompilerOptimize=6
ProjectManager.ComputerToolchain=false
ProjectManager.CoupleFile=false
ProjectManager.CustomerFirmwarePackage=
ProjectManager.DefaultFWLocation=true
ProjectManager.DeletePrevious=true
ProjectManager.DeviceId=STM32H743ZITx
ProjectManager.FirmwarePackage=STM32Cube FW_H7 V1.9.1
ProjectManager.FreePins=false
ProjectManager.HalAssertFull=false
ProjectManager.HeapSize=0x200
ProjectManager.KeepUserCode=true
ProjectManager.LastFirmware=true
ProjectManager.LibraryCopy=1
ProjectManager.MainLocation=Core/Src
ProjectManager.NoMain=false
ProjectManager.PreviousToolchain=
ProjectManager.ProjectBuild=false
ProjectManager.ProjectFileName=MSARF_Firmware.ioc
ProjectManager.ProjectName=MSARF_Firmware
ProjectManager.RegisterCallBack=
ProjectManager.StackSize=0x400
ProjectManager.TargetToolchain=STM32CubeIDE
ProjectManager.ToolChainLocation=
ProjectManager.UnderRoot=true
ProjectManager.functionlistsort=1-MX_GPIO_Init-GPIO-false-HAL-true,2-MX_DMA_Init-DMA-false-HAL-true,3-SystemClock_Config-RCC-false-HAL-false,4-MX_USB_OTG_FS_PCD_Init-USB_OTG_FS-false-HAL-true,5-MX_SPI4_Init-SPI4-false-HAL-true,6-MX_SPI1_Init-SPI1-false-HAL-true,7-MX_DMA2D_Init-DMA2D-false-HAL-true,8-MX_I2C1_Init-I2C1-false-HAL-true,9-MX_I2C2_Init-I2C2-false-HAL-true,10-MX_UART4_Init-UART4-false-HAL-true,11-MX_LPTIM2_Init-LPTIM2-false-HAL-true,12-MX_SPI3_Init-SPI3-false-HAL-true,13-MX_SPI5_Init-SPI5-false-HAL-true,14-MX_USART2_Init-USART2-false-HAL-true,15-MX_I2C4_Init-I2C4-false-HAL-true,16-MX_TIM2_Init-TIM2-false-HAL-true,17-MX_TIM3_Init-TIM3-false-HAL-true,18-MX_TIM4_Init-TIM4-false-HAL-true,19-MX_HRTIM_Init-HRTIM-false-HAL-true,20-MX_ADC3_Init-ADC3-false-HAL-true,21-MX_USART3_UART_Init-USART3-false-HAL-true,22-MX_ADC2_Init-ADC2-false-HAL-true,23-MX_UART5_Init-UART5-false-HAL-true,0-MX_CORTEX_M7_Init-CORTEX_M7-false-HAL-true
RCC.ADCFreq_Value=76000000
RCC.AHB12Freq_Value=240000000
RCC.AHB4Freq_Value=240000000
RCC.APB1Freq_Value=120000000
RCC.APB2Freq_Value=120000000
RCC.APB3Freq_Value=120000000
RCC.APB4Freq_Value=120000000
RCC.AXIClockFreq_Value=240000000
RCC.CECFreq_Value=32000
RCC.CKPERFreq_Value=64000000
RCC.CortexFreq_Value=480000000
RCC.CpuClockFreq_Value=480000000
RCC.D1CPREFreq_Value=480000000
RCC.D1PPRE=RCC_APB3_DIV2
RCC.D2PPRE1=RCC_APB1_DIV2
RCC.D2PPRE2=RCC_APB2_DIV2
RCC.D3PPRE=RCC_APB4_DIV2
RCC.DFSDMACLkFreq_Value=48000000
RCC.DFSDMFreq_Value=120000000
RCC.DIVM1=1
RCC.DIVM2=1
RCC.DIVN1=120
RCC.DIVN2=19
RCC.DIVP1Freq_Value=480000000
RCC.DIVP2Freq_Value=76000000
RCC.DIVP3Freq_Value=16125000
RCC.DIVQ1=20
RCC.DIVQ1Freq_Value=48000000
RCC.DIVQ2Freq_Value=76000000
RCC.DIVQ3Freq_Value=16125000
RCC.DIVR1Freq_Value=480000000
RCC.DIVR2Freq_Value=76000000
RCC.DIVR3Freq_Value=16125000
RCC.FDCANFreq_Value=48000000
RCC.FMCFreq_Value=240000000
RCC.FamilyName=M
RCC.HCLK3ClockFreq_Value=240000000
RCC.HCLKFreq_Value=240000000
RCC.HPRE=RCC_HCLK_DIV2
RCC.HRTIMFreq_Value=240000000
RCC.HSE_VALUE=8000000
RCC.I2C123Freq_Value=120000000
RCC.I2C4Freq_Value=120000000
RCC.IPParameters=ADCFreq_Value,AHB12Freq_Value,AHB4Freq_Value,APB1Freq_Value,APB2Freq_Value,APB3Freq_Value,APB4Freq_Value,AXIClockFreq_Value,CECFreq_Value,CKPERFreq_Value,CortexFreq_Value,CpuClockFreq_Value,D1CPREFreq_Value,D1PPRE,D2PPRE1,D2PPRE2,D3PPRE,DFSDMACLkFreq_Value,DFSDMFreq_Value,DIVM1,DIVM2,DIVN1,DIVN2,DIVP1Freq_Value,DIVP2Freq_Value,DIVP3Freq_Value,DIVQ1,DIVQ1Freq_Value,DIVQ2Freq_Value,DIVQ3Freq_Value,DIVR1Freq_Value,DIVR2Freq_Value,DIVR3Freq_Value,FDCANFreq_Value,FMCFreq_Value,FamilyName,HCLK3ClockFreq_Value,HCLKFreq_Value,HPRE,HRTIMFreq_Value,HSE_VALUE,I2C123Freq_Value,I2C4Freq_Value,LPTIM1Freq_Value,LPTIM2Freq_Value,LPTIM345Freq_Value,LPUART1Freq_Value,LTDCFreq_Value,MCO1PinFreq_Value,MCO2PinFreq_Value,PLL2FRACN,PLL3FRACN,PLLFRACN,QSPIFreq_Value,RCC_TIM_PRescaler_Selection,RNGFreq_Value,RTCFreq_Value,SAI1Freq_Value,SAI23Freq_Value,SAI4AFreq_Value,SAI4BFreq_Value,SDMMCFreq_Value,SPDIFRXFreq_Value,SPI123CLockSelection,SPI123Freq_Value,SPI45Freq_Value,SPI6Freq_Value,SWPMI1Freq_Value,SYSCLKFreq_VALUE,SYSCLKSource,Tim1OutputFreq_Value,Tim2OutputFreq_Value,TraceFreq_Value,USART16Freq_Value,USART234578Freq_Value,USBFreq_Value,VCO1OutputFreq_Value,VCO2OutputFreq_Value,VCO3OutputFreq_Value,VCOInput1Freq_Value,VCOInput2Freq_Value,VCOInput3Freq_Value
RCC.LPTIM1Freq_Value=120000000
RCC.LPTIM2Freq_Value=120000000
RCC.LPTIM345Freq_Value=120000000
RCC.LPUART1Freq_Value=120000000
RCC.LTDCFreq_Value=16125000
RCC.MCO1PinFreq_Value=64000000
RCC.MCO2PinFreq_Value=480000000
RCC.PLL2FRACN=0
RCC.PLL3FRACN=0
RCC.PLLFRACN=0
RCC.QSPIFreq_Value=240000000
RCC.RCC_TIM_PRescaler_Selection=RCC_TIMPRES_DESACTIVATED
RCC.RNGFreq_Value=48000000
RCC.RTCFreq_Value=32000
RCC.SAI1Freq_Value=48000000
RCC.SAI23Freq_Value=48000000
RCC.SAI4AFreq_Value=48000000
RCC.SAI4BFreq_Value=48000000
RCC.SDMMCFreq_Value=48000000
RCC.SPDIFRXFreq_Value=48000000
RCC.SPI123CLockSelection=RCC_SPI123CLKSOURCE_CLKP
RCC.SPI123Freq_Value=64000000
RCC.SPI45Freq_Value=120000000
RCC.SPI6Freq_Value=120000000
RCC.SWPMI1Freq_Value=120000000
RCC.SYSCLKFreq_VALUE=480000000
RCC.SYSCLKSource=RCC_SYSCLKSOURCE_PLLCLK
RCC.Tim1OutputFreq_Value=240000000
RCC.Tim2OutputFreq_Value=240000000
RCC.TraceFreq_Value=64000000
RCC.USART16Freq_Value=120000000
RCC.USART234578Freq_Value=120000000
RCC.USBFreq_Value=48000000
RCC.VCO1OutputFreq_Value=960000000
RCC.VCO2OutputFreq_Value=152000000
RCC.VCO3OutputFreq_Value=32250000
RCC.VCOInput1Freq_Value=8000000
RCC.VCOInput2Freq_Value=8000000
RCC.VCOInput3Freq_Value=250000
SH.ADCx_INP10.0=ADC2_INP10,IN10-Single-Ended
SH.ADCx_INP10.ConfNb=1
SH.ADCx_INP15.0=ADC2_INP15,IN15-Single-Ended
SH.ADCx_INP15.ConfNb=1
SH.ADCx_INP5.0=ADC2_INP5,IN5-Single-Ended
SH.ADCx_INP5.ConfNb=1
SH.GPXTI7.0=GPIO_EXTI7
SH.GPXTI7.ConfNb=1
SH.S_TIM2_CH1_ETR.0=TIM2_CH1,Encoder_Interface
SH.S_TIM2_CH1_ETR.ConfNb=1
SH.S_TIM2_CH2.0=TIM2_CH2,Encoder_Interface
SH.S_TIM2_CH2.ConfNb=1
SH.S_TIM3_CH1.0=TIM3_CH1,Encoder_Interface
SH.S_TIM3_CH1.ConfNb=1
SH.S_TIM3_CH2.0=TIM3_CH2,Encoder_Interface
SH.S_TIM3_CH2.ConfNb=1
SH.S_TIM4_CH1.0=TIM4_CH1,Encoder_Interface
SH.S_TIM4_CH1.ConfNb=1
SH.S_TIM4_CH2.0=TIM4_CH2,Encoder_Interface
SH.S_TIM4_CH2.ConfNb=1
SPI1.BaudRatePrescaler=SPI_BAUDRATEPRESCALER_4
SPI1.CLKPolarity=SPI_POLARITY_LOW
SPI1.CalculateBaudRate=16.0 MBits/s
SPI1.DataSize=SPI_DATASIZE_8BIT
SPI1.Direction=SPI_DIRECTION_2LINES
SPI1.FirstBit=SPI_FIRSTBIT_MSB
SPI1.IPParameters=VirtualType,Mode,Direction,CalculateBaudRate,DataSize,VirtualNSS,BaudRatePrescaler,FirstBit,CLKPolarity
SPI1.Mode=SPI_MODE_MASTER
SPI1.VirtualNSS=VM_NSSHARD
SPI1.VirtualType=VM_MASTER
SPI3.BaudRatePrescaler=SPI_BAUDRATEPRESCALER_4
SPI3.CalculateBaudRate=16.0 MBits/s
SPI3.DataSize=SPI_DATASIZE_8BIT
SPI3.Direction=SPI_DIRECTION_2LINES
SPI3.IPParameters=VirtualType,Mode,Direction,CalculateBaudRate,VirtualNSS,DataSize,BaudRatePrescaler
SPI3.Mode=SPI_MODE_MASTER
SPI3.VirtualNSS=VM_NSSHARD
SPI3.VirtualType=VM_MASTER
SPI4.BaudRatePrescaler=SPI_BAUDRATEPRESCALER_16
SPI4.CLKPhase=SPI_PHASE_2EDGE
SPI4.CLKPolarity=SPI_POLARITY_HIGH
SPI4.CalculateBaudRate=7.5 MBits/s
SPI4.DataSize=SPI_DATASIZE_8BIT
SPI4.Direction=SPI_DIRECTION_2LINES
SPI4.IPParameters=VirtualType,Mode,Direction,CalculateBaudRate,DataSize,BaudRatePrescaler,CLKPolarity,CLKPhase
SPI4.Mode=SPI_MODE_MASTER
SPI4.VirtualType=VM_MASTER
SPI5.BaudRatePrescaler=SPI_BAUDRATEPRESCALER_64
SPI5.CLKPhase=SPI_PHASE_2EDGE
SPI5.CLKPolarity=SPI_POLARITY_LOW
SPI5.CalculateBaudRate=1.875 MBits/s
SPI5.DataSize=SPI_DATASIZE_8BIT
SPI5.Direction=SPI_DIRECTION_2LINES
SPI5.IPParameters=VirtualType,Mode,Direction,CalculateBaudRate,DataSize,BaudRatePrescaler,CLKPolarity,CLKPhase,MasterKeepIOState,VirtualNSS
SPI5.MasterKeepIOState=SPI_MASTER_KEEP_IO_STATE_ENABLE
SPI5.Mode=SPI_MODE_MASTER
SPI5.VirtualNSS=VM_NSSHARD
SPI5.VirtualType=VM_MASTER
TIM2.IC1Filter=5
TIM2.IC2Filter=5
TIM2.IPParameters=Period,IC1Filter,IC2Filter
TIM2.Period=4096
TIM3.IC1Filter=5
TIM3.IC2Filter=5
TIM3.IPParameters=Period,IC1Filter,IC2Filter
TIM3.Period=4096
TIM4.IC1Filter=5
TIM4.IC2Filter=5
TIM4.IPParameters=Period,IC1Filter,IC2Filter
TIM4.Period=4096
UART4.BaudRate=115200
UART4.ClockPrescaler=PRESCALER_DIV1
UART4.DMADisableonRxErrorParam=UART_ADVFEATURE_DMA_ENABLEONRXERROR
UART4.FIFOMode=FIFOMODE_ENABLE
UART4.IPParameters=ClockPrescaler,OverrunDisableParam,DMADisableonRxErrorParam,FIFOMode,RxPinLevelInvertParam,BaudRate,RXFIFOThreshold,TXFIFOThreshold,SwapParam,WordLength
UART4.OverrunDisableParam=UART_ADVFEATURE_OVERRUN_ENABLE
UART4.RXFIFOThreshold=RXFIFO_THRESHOLD_HALFFULL
UART4.RxPinLevelInvertParam=UART_ADVFEATURE_RXINV_DISABLE
UART4.SwapParam=UART_ADVFEATURE_SWAP_DISABLE
UART4.TXFIFOThreshold=TXFIFO_THRESHOLD_HALFFULL
UART4.WordLength=WORDLENGTH_8B
USART2.IPParameters=VirtualMode-Half_duplex(single_wire_mode)
USART2.VirtualMode-Half_duplex(single_wire_mode)=VM_ASYNC
USART3.IPParameters=VirtualMode-Asynchronous
USART3.VirtualMode-Asynchronous=VM_ASYNC
USB_OTG_FS.IPParameters=VirtualMode
USB_OTG_FS.VirtualMode=Device_Only
VP_DMA2D_VS_DMA2D.Mode=DMA2D_Activate
VP_DMA2D_VS_DMA2D.Signal=DMA2D_VS_DMA2D
VP_FREERTOS_VS_CMSIS_V2.Mode=CMSIS_V2
VP_FREERTOS_VS_CMSIS_V2.Signal=FREERTOS_VS_CMSIS_V2
VP_HRTIM_VS_hrtimMasterTimerNoOutput.Mode=MasterTimer
VP_HRTIM_VS_hrtimMasterTimerNoOutput.Signal=HRTIM_VS_hrtimMasterTimerNoOutput
VP_SYS_VS_tim1.Mode=TIM1
VP_SYS_VS_tim1.Signal=SYS_VS_tim1
board=NUCLEO-H743ZI2
boardIOC=true
isbadioc=false
